
Microsoft Visual Studio Solution File, Format Version 12.00
# Visual Studio Version 17
VisualStudioVersion = 17.14.36414.22 d17.14
MinimumVisualStudioVersion = 10.0.40219.1
Project("{FAE04EC0-301F-11D3-BF4B-00C04F79EFBC}") = "BlazorAppIssue", "BlazorAppIssue.csproj", "{251A78DD-4430-4B53-AB60-8263E1C7D2A8}"
EndProject
Global
	GlobalSection(SolutionConfigurationPlatforms) = preSolution
		Debug|Any CPU = Debug|Any CPU
		Release|Any CPU = Release|Any CPU
	EndGlobalSection
	GlobalSection(ProjectConfigurationPlatforms) = postSolution
		{251A78DD-4430-4B53-AB60-8263E1C7D2A8}.Debug|Any CPU.ActiveCfg = Debug|Any CPU
		{251A78DD-4430-4B53-AB60-8263E1C7D2A8}.Debug|Any CPU.Build.0 = Debug|Any CPU
		{251A78DD-4430-4B53-AB60-8263E1C7D2A8}.Release|Any CPU.ActiveCfg = Release|Any CPU
		{251A78DD-4430-4B53-AB60-8263E1C7D2A8}.Release|Any CPU.Build.0 = Release|Any CPU
	EndGlobalSection
	GlobalSection(SolutionProperties) = preSolution
		HideSolutionNode = FALSE
	EndGlobalSection
	GlobalSection(ExtensibilityGlobals) = postSolution
		SolutionGuid = {C53F566F-C9B4-46B1-B185-9DBE4B4E847C}
	EndGlobalSection
EndGlobal
